// !$*UTF8*$!
{
	archiveVersion = 1;
	classes = {
	};
	objectVersion = 56;
	objects = {

/* Begin PBXBuildFile section */
		81097446298C09CE00EBA65F /* DaysToViewModel.swift in Sources */ = {isa = PBXBuildFile; fileRef = 81097445298C09CE00EBA65F /* DaysToViewModel.swift */; };
		810E54FD29AE4AB800C5E37A /* DateExtensions.swift in Sources */ = {isa = PBXBuildFile; fileRef = 810E54FC29AE4AB800C5E37A /* DateExtensions.swift */; };
		810E54FE29AE4CA500C5E37A /* DateExtensions.swift in Sources */ = {isa = PBXBuildFile; fileRef = 810E54FC29AE4AB800C5E37A /* DateExtensions.swift */; };
		810E54FF29AE515900C5E37A /* GlassyFont.swift in Sources */ = {isa = PBXBuildFile; fileRef = 81B81FFC29AAA948003A1723 /* GlassyFont.swift */; };
		810E550129AE59E700C5E37A /* ProgressRingView.swift in Sources */ = {isa = PBXBuildFile; fileRef = 8162A10A2993BE64008A3FBE /* ProgressRingView.swift */; };
		810E550629AE5C6B00C5E37A /* DateCalculationsModel.swift in Sources */ = {isa = PBXBuildFile; fileRef = 816FA3DC2986AC3900674DFC /* DateCalculationsModel.swift */; };
		8121F0182997F7BC00E705E5 /* AnimatableFont.swift in Sources */ = {isa = PBXBuildFile; fileRef = 8121F0172997F7BB00E705E5 /* AnimatableFont.swift */; };
		81283F7E298FBD2C0092E7AE /* Animations.swift in Sources */ = {isa = PBXBuildFile; fileRef = 81283F7D298FBD2C0092E7AE /* Animations.swift */; };
		81283F89299047B30092E7AE /* SettingsView.swift in Sources */ = {isa = PBXBuildFile; fileRef = 81283F88299047B30092E7AE /* SettingsView.swift */; };
		81318B1129B359F000768BF3 /* InfoPlist.strings in Resources */ = {isa = PBXBuildFile; fileRef = 81318B0F29B359F000768BF3 /* InfoPlist.strings */; };
		81318B1429B359F000768BF3 /* InfoPlist.strings in Resources */ = {isa = PBXBuildFile; fileRef = 81318B1229B359F000768BF3 /* InfoPlist.strings */; };
		8147328C299B81BE008B2FBC /* UserModel.swift in Sources */ = {isa = PBXBuildFile; fileRef = 8147328B299B81BE008B2FBC /* UserModel.swift */; };
		81473290299B9D98008B2FBC /* LoginView.swift in Sources */ = {isa = PBXBuildFile; fileRef = 8147328F299B9D98008B2FBC /* LoginView.swift */; };
		81473294299B9DB9008B2FBC /* RegistrationView.swift in Sources */ = {isa = PBXBuildFile; fileRef = 81473293299B9DB9008B2FBC /* RegistrationView.swift */; };
		8147329C299BE081008B2FBC /* PlatesView.swift in Sources */ = {isa = PBXBuildFile; fileRef = 8147329B299BE081008B2FBC /* PlatesView.swift */; };
		8147329E299BE0F4008B2FBC /* EventRowView.swift in Sources */ = {isa = PBXBuildFile; fileRef = 8147329D299BE0F4008B2FBC /* EventRowView.swift */; };
		814732A0299BE159008B2FBC /* EditEventView.swift in Sources */ = {isa = PBXBuildFile; fileRef = 8147329F299BE159008B2FBC /* EditEventView.swift */; };
		814DA52929ACFCBC002A8B30 /* InstrucrtionsView.swift in Sources */ = {isa = PBXBuildFile; fileRef = 814DA52829ACFCBC002A8B30 /* InstrucrtionsView.swift */; };
		814DA52C29AD2389002A8B30 /* CreditsView.swift in Sources */ = {isa = PBXBuildFile; fileRef = 814DA52B29AD2389002A8B30 /* CreditsView.swift */; };
		8162A1092993A7A0008A3FBE /* ProgressionPlateView.swift in Sources */ = {isa = PBXBuildFile; fileRef = 8162A1082993A7A0008A3FBE /* ProgressionPlateView.swift */; };
		8162A10B2993BE65008A3FBE /* ProgressRingView.swift in Sources */ = {isa = PBXBuildFile; fileRef = 8162A10A2993BE64008A3FBE /* ProgressRingView.swift */; };
		8162A10D2993D65E008A3FBE /* StartPlateView.swift in Sources */ = {isa = PBXBuildFile; fileRef = 8162A10C2993D65E008A3FBE /* StartPlateView.swift */; };
		8162A1122993DA1A008A3FBE /* SearchPlateView.swift in Sources */ = {isa = PBXBuildFile; fileRef = 8162A1112993DA1A008A3FBE /* SearchPlateView.swift */; };
		8162A123299670AC008A3FBE /* CustomizationModel.swift in Sources */ = {isa = PBXBuildFile; fileRef = 8162A122299670AC008A3FBE /* CustomizationModel.swift */; };
		8162A12529967EEA008A3FBE /* Color.xcassets in Resources */ = {isa = PBXBuildFile; fileRef = 8162A12429967EEA008A3FBE /* Color.xcassets */; };
		8162A12929968CA0008A3FBE /* FavoritePlateView.swift in Sources */ = {isa = PBXBuildFile; fileRef = 8162A12829968CA0008A3FBE /* FavoritePlateView.swift */; };
		816BD1C4298D0F6700E91D18 /* AddEventView.swift in Sources */ = {isa = PBXBuildFile; fileRef = 816BD1C3298D0F6700E91D18 /* AddEventView.swift */; };
		816FA3DB2986A31400674DFC /* HomeView.swift in Sources */ = {isa = PBXBuildFile; fileRef = 816FA3DA2986A31400674DFC /* HomeView.swift */; };
		816FA3DD2986AC3900674DFC /* DateCalculationsModel.swift in Sources */ = {isa = PBXBuildFile; fileRef = 816FA3DC2986AC3900674DFC /* DateCalculationsModel.swift */; };
		8181549D29AD5249008A0BB5 /* WidgetKit.framework in Frameworks */ = {isa = PBXBuildFile; fileRef = 8181549C29AD5249008A0BB5 /* WidgetKit.framework */; };
		8181549F29AD5249008A0BB5 /* SwiftUI.framework in Frameworks */ = {isa = PBXBuildFile; fileRef = 8181549E29AD5249008A0BB5 /* SwiftUI.framework */; };
		818154A229AD5249008A0BB5 /* DaysToWidgetBundle.swift in Sources */ = {isa = PBXBuildFile; fileRef = 818154A129AD5249008A0BB5 /* DaysToWidgetBundle.swift */; };
		818154A429AD5249008A0BB5 /* DaysToWidget.swift in Sources */ = {isa = PBXBuildFile; fileRef = 818154A329AD5249008A0BB5 /* DaysToWidget.swift */; };
		818154A629AD524B008A0BB5 /* Assets.xcassets in Resources */ = {isa = PBXBuildFile; fileRef = 818154A529AD524B008A0BB5 /* Assets.xcassets */; };
		818154AA29AD524B008A0BB5 /* DaysToWidgetExtension.appex in Embed Foundation Extensions */ = {isa = PBXBuildFile; fileRef = 8181549A29AD5249008A0BB5 /* DaysToWidgetExtension.appex */; settings = {ATTRIBUTES = (RemoveHeadersOnCopy, ); }; };
		818154B129AD52DC008A0BB5 /* FirebaseAuth in Frameworks */ = {isa = PBXBuildFile; productRef = 818154B029AD52DC008A0BB5 /* FirebaseAuth */; };
		818154B329AD52E2008A0BB5 /* FirebaseFirestore in Frameworks */ = {isa = PBXBuildFile; productRef = 818154B229AD52E2008A0BB5 /* FirebaseFirestore */; };
		818154B529AD52E8008A0BB5 /* FirebaseFirestoreSwift in Frameworks */ = {isa = PBXBuildFile; productRef = 818154B429AD52E8008A0BB5 /* FirebaseFirestoreSwift */; };
		818154B629AD5307008A0BB5 /* GoogleService-Info.plist in Resources */ = {isa = PBXBuildFile; fileRef = 81FD9C2B29998DA900128B8C /* GoogleService-Info.plist */; };
		818154B729AD530E008A0BB5 /* EventModel.swift in Sources */ = {isa = PBXBuildFile; fileRef = 8188A9D8299A7E92009685AD /* EventModel.swift */; };
		8188A9D9299A7E92009685AD /* EventModel.swift in Sources */ = {isa = PBXBuildFile; fileRef = 8188A9D8299A7E92009685AD /* EventModel.swift */; };
		818D0B1A2998471B00176B5D /* NotificationCenter.swift in Sources */ = {isa = PBXBuildFile; fileRef = 818D0B192998471B00176B5D /* NotificationCenter.swift */; };
		819E625129B2380B006C20A9 /* FirebaseAnalytics in Frameworks */ = {isa = PBXBuildFile; productRef = 819E625029B2380B006C20A9 /* FirebaseAnalytics */; };
		819E625329B23814006C20A9 /* FirebaseAnalyticsSwift in Frameworks */ = {isa = PBXBuildFile; productRef = 819E625229B23814006C20A9 /* FirebaseAnalyticsSwift */; };
		819E625729B28D3C006C20A9 /* LinearBackgroundColor.swift in Sources */ = {isa = PBXBuildFile; fileRef = 819E625629B28D3C006C20A9 /* LinearBackgroundColor.swift */; };
		81A79F82297D450600AC14F9 /* DaysToApp.swift in Sources */ = {isa = PBXBuildFile; fileRef = 81A79F81297D450600AC14F9 /* DaysToApp.swift */; };
		81A79F86297D450700AC14F9 /* Assets.xcassets in Resources */ = {isa = PBXBuildFile; fileRef = 81A79F85297D450700AC14F9 /* Assets.xcassets */; };
		81A79F89297D450700AC14F9 /* Preview Assets.xcassets in Resources */ = {isa = PBXBuildFile; fileRef = 81A79F88297D450700AC14F9 /* Preview Assets.xcassets */; };
		81B81FFB29AA74F9003A1723 /* AuthentificationView.swift in Sources */ = {isa = PBXBuildFile; fileRef = 81B81FFA29AA74F9003A1723 /* AuthentificationView.swift */; };
		81B81FFD29AAA948003A1723 /* GlassyFont.swift in Sources */ = {isa = PBXBuildFile; fileRef = 81B81FFC29AAA948003A1723 /* GlassyFont.swift */; };
		81B81FFF29AAAD71003A1723 /* ResetPasswordView.swift in Sources */ = {isa = PBXBuildFile; fileRef = 81B81FFE29AAAD71003A1723 /* ResetPasswordView.swift */; };
		81BABF0E29AB4D1300D388BA /* StringExtensions.swift in Sources */ = {isa = PBXBuildFile; fileRef = 81BABF0D29AB4D1300D388BA /* StringExtensions.swift */; };
		81BABF1029AB52D200D388BA /* SelectedTextField.swift in Sources */ = {isa = PBXBuildFile; fileRef = 81BABF0F29AB52D200D388BA /* SelectedTextField.swift */; };
		81BABF1529AB9CA000D388BA /* AccountView.swift in Sources */ = {isa = PBXBuildFile; fileRef = 81BABF1429AB9CA000D388BA /* AccountView.swift */; };
		81BABF1829AB9FCD00D388BA /* PasswordChangeView.swift in Sources */ = {isa = PBXBuildFile; fileRef = 81BABF1729AB9FCD00D388BA /* PasswordChangeView.swift */; };
		81BDF8C8298F15D100B73386 /* PreferenceKeys.swift in Sources */ = {isa = PBXBuildFile; fileRef = 81BDF8C7298F15D100B73386 /* PreferenceKeys.swift */; };
		81BDF8CA298F160D00B73386 /* NavBarView.swift in Sources */ = {isa = PBXBuildFile; fileRef = 81BDF8C9298F160D00B73386 /* NavBarView.swift */; };
		81BF50BD29B354A300ADF7D8 /* Localizable.strings in Resources */ = {isa = PBXBuildFile; fileRef = 81BF50BB29B354A300ADF7D8 /* Localizable.strings */; };
		81BF50C029B354A300ADF7D8 /* Localizable.strings in Resources */ = {isa = PBXBuildFile; fileRef = 81BF50BE29B354A300ADF7D8 /* Localizable.strings */; };
		81F9427E29AF861200D22147 /* EventShortView.swift in Sources */ = {isa = PBXBuildFile; fileRef = 81F9427D29AF861200D22147 /* EventShortView.swift */; };
		81F9427F29AF868F00D22147 /* EventShortView.swift in Sources */ = {isa = PBXBuildFile; fileRef = 81F9427D29AF861200D22147 /* EventShortView.swift */; };
		81FD9C2C29998DA900128B8C /* GoogleService-Info.plist in Resources */ = {isa = PBXBuildFile; fileRef = 81FD9C2B29998DA900128B8C /* GoogleService-Info.plist */; };
		81FD9C2F29998E4A00128B8C /* FirebaseAnalytics in Frameworks */ = {isa = PBXBuildFile; productRef = 81FD9C2E29998E4A00128B8C /* FirebaseAnalytics */; };
		81FD9C3129998E4A00128B8C /* FirebaseAnalyticsSwift in Frameworks */ = {isa = PBXBuildFile; productRef = 81FD9C3029998E4A00128B8C /* FirebaseAnalyticsSwift */; };
		81FD9C3329998E4A00128B8C /* FirebaseAuth in Frameworks */ = {isa = PBXBuildFile; productRef = 81FD9C3229998E4A00128B8C /* FirebaseAuth */; };
		81FD9C3529998E4A00128B8C /* FirebaseFirestore in Frameworks */ = {isa = PBXBuildFile; productRef = 81FD9C3429998E4A00128B8C /* FirebaseFirestore */; };
		81FD9C3729998E4A00128B8C /* FirebaseFirestoreSwift in Frameworks */ = {isa = PBXBuildFile; productRef = 81FD9C3629998E4A00128B8C /* FirebaseFirestoreSwift */; };
/* End PBXBuildFile section */

/* Begin PBXContainerItemProxy section */
		818154A829AD524B008A0BB5 /* PBXContainerItemProxy */ = {
			isa = PBXContainerItemProxy;
			containerPortal = 81A79F76297D450600AC14F9 /* Project object */;
			proxyType = 1;
			remoteGlobalIDString = 8181549929AD5249008A0BB5;
			remoteInfo = DaysToWidgetExtension;
		};
/* End PBXContainerItemProxy section */

/* Begin PBXCopyFilesBuildPhase section */
		818154AB29AD524B008A0BB5 /* Embed Foundation Extensions */ = {
			isa = PBXCopyFilesBuildPhase;
			buildActionMask = 2147483647;
			dstPath = "";
			dstSubfolderSpec = 13;
			files = (
				818154AA29AD524B008A0BB5 /* DaysToWidgetExtension.appex in Embed Foundation Extensions */,
			);
			name = "Embed Foundation Extensions";
			runOnlyForDeploymentPostprocessing = 0;
		};
/* End PBXCopyFilesBuildPhase section */

/* Begin PBXFileReference section */
		81097445298C09CE00EBA65F /* DaysToViewModel.swift */ = {isa = PBXFileReference; lastKnownFileType = sourcecode.swift; path = DaysToViewModel.swift; sourceTree = "<group>"; };
		810E54FC29AE4AB800C5E37A /* DateExtensions.swift */ = {isa = PBXFileReference; lastKnownFileType = sourcecode.swift; path = DateExtensions.swift; sourceTree = "<group>"; };
		8121F0172997F7BB00E705E5 /* AnimatableFont.swift */ = {isa = PBXFileReference; lastKnownFileType = sourcecode.swift; path = AnimatableFont.swift; sourceTree = "<group>"; };
		81283F7D298FBD2C0092E7AE /* Animations.swift */ = {isa = PBXFileReference; lastKnownFileType = sourcecode.swift; path = Animations.swift; sourceTree = "<group>"; };
		81283F88299047B30092E7AE /* SettingsView.swift */ = {isa = PBXFileReference; lastKnownFileType = sourcecode.swift; path = SettingsView.swift; sourceTree = "<group>"; };
		81318B1029B359F000768BF3 /* uk */ = {isa = PBXFileReference; lastKnownFileType = text.plist.strings; name = uk; path = uk.lproj/InfoPlist.strings; sourceTree = "<group>"; };
		81318B1329B359F000768BF3 /* uk */ = {isa = PBXFileReference; lastKnownFileType = text.plist.strings; name = uk; path = uk.lproj/InfoPlist.strings; sourceTree = "<group>"; };
		8147328B299B81BE008B2FBC /* UserModel.swift */ = {isa = PBXFileReference; lastKnownFileType = sourcecode.swift; path = UserModel.swift; sourceTree = "<group>"; };
		8147328F299B9D98008B2FBC /* LoginView.swift */ = {isa = PBXFileReference; lastKnownFileType = sourcecode.swift; path = LoginView.swift; sourceTree = "<group>"; };
		81473293299B9DB9008B2FBC /* RegistrationView.swift */ = {isa = PBXFileReference; lastKnownFileType = sourcecode.swift; path = RegistrationView.swift; sourceTree = "<group>"; };
		8147329B299BE081008B2FBC /* PlatesView.swift */ = {isa = PBXFileReference; lastKnownFileType = sourcecode.swift; path = PlatesView.swift; sourceTree = "<group>"; };
		8147329D299BE0F4008B2FBC /* EventRowView.swift */ = {isa = PBXFileReference; lastKnownFileType = sourcecode.swift; path = EventRowView.swift; sourceTree = "<group>"; };
		8147329F299BE159008B2FBC /* EditEventView.swift */ = {isa = PBXFileReference; lastKnownFileType = sourcecode.swift; path = EditEventView.swift; sourceTree = "<group>"; };
		814DA52829ACFCBC002A8B30 /* InstrucrtionsView.swift */ = {isa = PBXFileReference; lastKnownFileType = sourcecode.swift; path = InstrucrtionsView.swift; sourceTree = "<group>"; };
		814DA52A29AD1EAD002A8B30 /* Info.plist */ = {isa = PBXFileReference; lastKnownFileType = text.plist; path = Info.plist; sourceTree = "<group>"; };
		814DA52B29AD2389002A8B30 /* CreditsView.swift */ = {isa = PBXFileReference; lastKnownFileType = sourcecode.swift; path = CreditsView.swift; sourceTree = "<group>"; };
		8162A1082993A7A0008A3FBE /* ProgressionPlateView.swift */ = {isa = PBXFileReference; lastKnownFileType = sourcecode.swift; path = ProgressionPlateView.swift; sourceTree = "<group>"; };
		8162A10A2993BE64008A3FBE /* ProgressRingView.swift */ = {isa = PBXFileReference; lastKnownFileType = sourcecode.swift; path = ProgressRingView.swift; sourceTree = "<group>"; };
		8162A10C2993D65E008A3FBE /* StartPlateView.swift */ = {isa = PBXFileReference; lastKnownFileType = sourcecode.swift; path = StartPlateView.swift; sourceTree = "<group>"; };
		8162A1112993DA1A008A3FBE /* SearchPlateView.swift */ = {isa = PBXFileReference; lastKnownFileType = sourcecode.swift; path = SearchPlateView.swift; sourceTree = "<group>"; };
		8162A122299670AC008A3FBE /* CustomizationModel.swift */ = {isa = PBXFileReference; lastKnownFileType = sourcecode.swift; path = CustomizationModel.swift; sourceTree = "<group>"; };
		8162A12429967EEA008A3FBE /* Color.xcassets */ = {isa = PBXFileReference; lastKnownFileType = folder.assetcatalog; path = Color.xcassets; sourceTree = "<group>"; };
		8162A12829968CA0008A3FBE /* FavoritePlateView.swift */ = {isa = PBXFileReference; lastKnownFileType = sourcecode.swift; path = FavoritePlateView.swift; sourceTree = "<group>"; };
		816BD1C3298D0F6700E91D18 /* AddEventView.swift */ = {isa = PBXFileReference; lastKnownFileType = sourcecode.swift; path = AddEventView.swift; sourceTree = "<group>"; };
		816FA3DA2986A31400674DFC /* HomeView.swift */ = {isa = PBXFileReference; lastKnownFileType = sourcecode.swift; path = HomeView.swift; sourceTree = "<group>"; };
		816FA3DC2986AC3900674DFC /* DateCalculationsModel.swift */ = {isa = PBXFileReference; lastKnownFileType = sourcecode.swift; path = DateCalculationsModel.swift; sourceTree = "<group>"; };
		8181549A29AD5249008A0BB5 /* DaysToWidgetExtension.appex */ = {isa = PBXFileReference; explicitFileType = "wrapper.app-extension"; includeInIndex = 0; path = DaysToWidgetExtension.appex; sourceTree = BUILT_PRODUCTS_DIR; };
		8181549C29AD5249008A0BB5 /* WidgetKit.framework */ = {isa = PBXFileReference; lastKnownFileType = wrapper.framework; name = WidgetKit.framework; path = System/Library/Frameworks/WidgetKit.framework; sourceTree = SDKROOT; };
		8181549E29AD5249008A0BB5 /* SwiftUI.framework */ = {isa = PBXFileReference; lastKnownFileType = wrapper.framework; name = SwiftUI.framework; path = System/Library/Frameworks/SwiftUI.framework; sourceTree = SDKROOT; };
		818154A129AD5249008A0BB5 /* DaysToWidgetBundle.swift */ = {isa = PBXFileReference; lastKnownFileType = sourcecode.swift; path = DaysToWidgetBundle.swift; sourceTree = "<group>"; };
		818154A329AD5249008A0BB5 /* DaysToWidget.swift */ = {isa = PBXFileReference; lastKnownFileType = sourcecode.swift; path = DaysToWidget.swift; sourceTree = "<group>"; };
		818154A529AD524B008A0BB5 /* Assets.xcassets */ = {isa = PBXFileReference; lastKnownFileType = folder.assetcatalog; path = Assets.xcassets; sourceTree = "<group>"; };
		818154A729AD524B008A0BB5 /* Info.plist */ = {isa = PBXFileReference; lastKnownFileType = text.plist.xml; path = Info.plist; sourceTree = "<group>"; };
		818154AF29AD52C8008A0BB5 /* DaysToWidgetExtension.entitlements */ = {isa = PBXFileReference; lastKnownFileType = text.plist.entitlements; path = DaysToWidgetExtension.entitlements; sourceTree = "<group>"; };
		8188A9D8299A7E92009685AD /* EventModel.swift */ = {isa = PBXFileReference; lastKnownFileType = sourcecode.swift; path = EventModel.swift; sourceTree = "<group>"; };
		818D0B192998471B00176B5D /* NotificationCenter.swift */ = {isa = PBXFileReference; lastKnownFileType = sourcecode.swift; path = NotificationCenter.swift; sourceTree = "<group>"; };
		819E625629B28D3C006C20A9 /* LinearBackgroundColor.swift */ = {isa = PBXFileReference; lastKnownFileType = sourcecode.swift; path = LinearBackgroundColor.swift; sourceTree = "<group>"; };
		81A79F7E297D450600AC14F9 /* DaysTo.app */ = {isa = PBXFileReference; explicitFileType = wrapper.application; includeInIndex = 0; path = DaysTo.app; sourceTree = BUILT_PRODUCTS_DIR; };
		81A79F81297D450600AC14F9 /* DaysToApp.swift */ = {isa = PBXFileReference; lastKnownFileType = sourcecode.swift; path = DaysToApp.swift; sourceTree = "<group>"; };
		81A79F85297D450700AC14F9 /* Assets.xcassets */ = {isa = PBXFileReference; lastKnownFileType = folder.assetcatalog; path = Assets.xcassets; sourceTree = "<group>"; };
		81A79F88297D450700AC14F9 /* Preview Assets.xcassets */ = {isa = PBXFileReference; lastKnownFileType = folder.assetcatalog; path = "Preview Assets.xcassets"; sourceTree = "<group>"; };
		81B81FFA29AA74F9003A1723 /* AuthentificationView.swift */ = {isa = PBXFileReference; lastKnownFileType = sourcecode.swift; path = AuthentificationView.swift; sourceTree = "<group>"; };
		81B81FFC29AAA948003A1723 /* GlassyFont.swift */ = {isa = PBXFileReference; lastKnownFileType = sourcecode.swift; path = GlassyFont.swift; sourceTree = "<group>"; };
		81B81FFE29AAAD71003A1723 /* ResetPasswordView.swift */ = {isa = PBXFileReference; lastKnownFileType = sourcecode.swift; path = ResetPasswordView.swift; sourceTree = "<group>"; };
		81BABF0D29AB4D1300D388BA /* StringExtensions.swift */ = {isa = PBXFileReference; lastKnownFileType = sourcecode.swift; path = StringExtensions.swift; sourceTree = "<group>"; };
		81BABF0F29AB52D200D388BA /* SelectedTextField.swift */ = {isa = PBXFileReference; lastKnownFileType = sourcecode.swift; path = SelectedTextField.swift; sourceTree = "<group>"; };
		81BABF1129AB6BDF00D388BA /* DaysTo.entitlements */ = {isa = PBXFileReference; lastKnownFileType = text.plist.entitlements; path = DaysTo.entitlements; sourceTree = "<group>"; };
		81BABF1429AB9CA000D388BA /* AccountView.swift */ = {isa = PBXFileReference; lastKnownFileType = sourcecode.swift; path = AccountView.swift; sourceTree = "<group>"; };
		81BABF1729AB9FCD00D388BA /* PasswordChangeView.swift */ = {isa = PBXFileReference; lastKnownFileType = sourcecode.swift; path = PasswordChangeView.swift; sourceTree = "<group>"; };
		81BDF8C7298F15D100B73386 /* PreferenceKeys.swift */ = {isa = PBXFileReference; lastKnownFileType = sourcecode.swift; path = PreferenceKeys.swift; sourceTree = "<group>"; };
		81BDF8C9298F160D00B73386 /* NavBarView.swift */ = {isa = PBXFileReference; lastKnownFileType = sourcecode.swift; path = NavBarView.swift; sourceTree = "<group>"; };
		81BF50BC29B354A300ADF7D8 /* uk */ = {isa = PBXFileReference; lastKnownFileType = text.plist.strings; name = uk; path = uk.lproj/Localizable.strings; sourceTree = "<group>"; };
		81BF50BF29B354A300ADF7D8 /* uk */ = {isa = PBXFileReference; lastKnownFileType = text.plist.strings; name = uk; path = uk.lproj/Localizable.strings; sourceTree = "<group>"; };
		81F9427D29AF861200D22147 /* EventShortView.swift */ = {isa = PBXFileReference; lastKnownFileType = sourcecode.swift; path = EventShortView.swift; sourceTree = "<group>"; };
		81FD9C2B29998DA900128B8C /* GoogleService-Info.plist */ = {isa = PBXFileReference; fileEncoding = 4; lastKnownFileType = text.plist.xml; path = "GoogleService-Info.plist"; sourceTree = "<group>"; };
/* End PBXFileReference section */

/* Begin PBXFrameworksBuildPhase section */
		8181549729AD5249008A0BB5 /* Frameworks */ = {
			isa = PBXFrameworksBuildPhase;
			buildActionMask = 2147483647;
			files = (
				818154B529AD52E8008A0BB5 /* FirebaseFirestoreSwift in Frameworks */,
				8181549F29AD5249008A0BB5 /* SwiftUI.framework in Frameworks */,
				819E625129B2380B006C20A9 /* FirebaseAnalytics in Frameworks */,
				818154B329AD52E2008A0BB5 /* FirebaseFirestore in Frameworks */,
				819E625329B23814006C20A9 /* FirebaseAnalyticsSwift in Frameworks */,
				818154B129AD52DC008A0BB5 /* FirebaseAuth in Frameworks */,
				8181549D29AD5249008A0BB5 /* WidgetKit.framework in Frameworks */,
			);
			runOnlyForDeploymentPostprocessing = 0;
		};
		81A79F7B297D450600AC14F9 /* Frameworks */ = {
			isa = PBXFrameworksBuildPhase;
			buildActionMask = 2147483647;
			files = (
				81FD9C3729998E4A00128B8C /* FirebaseFirestoreSwift in Frameworks */,
				81FD9C3129998E4A00128B8C /* FirebaseAnalyticsSwift in Frameworks */,
				81FD9C3529998E4A00128B8C /* FirebaseFirestore in Frameworks */,
				81FD9C3329998E4A00128B8C /* FirebaseAuth in Frameworks */,
				81FD9C2F29998E4A00128B8C /* FirebaseAnalytics in Frameworks */,
			);
			runOnlyForDeploymentPostprocessing = 0;
		};
/* End PBXFrameworksBuildPhase section */

/* Begin PBXGroup section */
		81283F7C298FBD190092E7AE /* Styles */ = {
			isa = PBXGroup;
			children = (
				8121F0172997F7BB00E705E5 /* AnimatableFont.swift */,
				819E625629B28D3C006C20A9 /* LinearBackgroundColor.swift */,
				81B81FFC29AAA948003A1723 /* GlassyFont.swift */,
				81283F7D298FBD2C0092E7AE /* Animations.swift */,
				81BABF0F29AB52D200D388BA /* SelectedTextField.swift */,
			);
			path = Styles;
			sourceTree = "<group>";
		};
		8147328E299B9D76008B2FBC /* Authentification */ = {
			isa = PBXGroup;
			children = (
				81B81FFA29AA74F9003A1723 /* AuthentificationView.swift */,
				8147328F299B9D98008B2FBC /* LoginView.swift */,
				81473293299B9DB9008B2FBC /* RegistrationView.swift */,
				81B81FFE29AAAD71003A1723 /* ResetPasswordView.swift */,
				814DA52829ACFCBC002A8B30 /* InstrucrtionsView.swift */,
			);
			path = Authentification;
			sourceTree = "<group>";
		};
		8162A10E2993D688008A3FBE /* UI elements */ = {
			isa = PBXGroup;
			children = (
				8162A10A2993BE64008A3FBE /* ProgressRingView.swift */,
				81F9427D29AF861200D22147 /* EventShortView.swift */,
			);
			path = "UI elements";
			sourceTree = "<group>";
		};
		816FA3D92986A1B600674DFC /* Views */ = {
			isa = PBXGroup;
			children = (
				8147328E299B9D76008B2FBC /* Authentification */,
				81BABF1629AB9FA800D388BA /* Account */,
				816FA3DA2986A31400674DFC /* HomeView.swift */,
				8147329D299BE0F4008B2FBC /* EventRowView.swift */,
				816BD1C3298D0F6700E91D18 /* AddEventView.swift */,
				8147329F299BE159008B2FBC /* EditEventView.swift */,
				81283F88299047B30092E7AE /* SettingsView.swift */,
				81BDF8C9298F160D00B73386 /* NavBarView.swift */,
				814DA52B29AD2389002A8B30 /* CreditsView.swift */,
				81C244C429929405003155DF /* PlatesView */,
				8162A10E2993D688008A3FBE /* UI elements */,
				81283F7C298FBD190092E7AE /* Styles */,
				81BABF0C29AB4CDF00D388BA /* Extensions */,
			);
			path = Views;
			sourceTree = "<group>";
		};
		8181549B29AD5249008A0BB5 /* Frameworks */ = {
			isa = PBXGroup;
			children = (
				8181549C29AD5249008A0BB5 /* WidgetKit.framework */,
				8181549E29AD5249008A0BB5 /* SwiftUI.framework */,
			);
			name = Frameworks;
			sourceTree = "<group>";
		};
		818154A029AD5249008A0BB5 /* DaysToWidget */ = {
			isa = PBXGroup;
			children = (
				818154A129AD5249008A0BB5 /* DaysToWidgetBundle.swift */,
				818154A329AD5249008A0BB5 /* DaysToWidget.swift */,
				818154A529AD524B008A0BB5 /* Assets.xcassets */,
				818154A729AD524B008A0BB5 /* Info.plist */,
				81318B1229B359F000768BF3 /* InfoPlist.strings */,
				81BF50BE29B354A300ADF7D8 /* Localizable.strings */,
			);
			path = DaysToWidget;
			sourceTree = "<group>";
		};
		81A79F75297D450600AC14F9 = {
			isa = PBXGroup;
			children = (
				818154AF29AD52C8008A0BB5 /* DaysToWidgetExtension.entitlements */,
				81A79F80297D450600AC14F9 /* DaysTo */,
				818154A029AD5249008A0BB5 /* DaysToWidget */,
				8181549B29AD5249008A0BB5 /* Frameworks */,
				81A79F7F297D450600AC14F9 /* Products */,
			);
			sourceTree = "<group>";
		};
		81A79F7F297D450600AC14F9 /* Products */ = {
			isa = PBXGroup;
			children = (
				81A79F7E297D450600AC14F9 /* DaysTo.app */,
				8181549A29AD5249008A0BB5 /* DaysToWidgetExtension.appex */,
			);
			name = Products;
			sourceTree = "<group>";
		};
		81A79F80297D450600AC14F9 /* DaysTo */ = {
			isa = PBXGroup;
			children = (
				814DA52A29AD1EAD002A8B30 /* Info.plist */,
				81318B0F29B359F000768BF3 /* InfoPlist.strings */,
				81BF50BB29B354A300ADF7D8 /* Localizable.strings */,
				81BABF1129AB6BDF00D388BA /* DaysTo.entitlements */,
				81A79F81297D450600AC14F9 /* DaysToApp.swift */,
				816FA3D92986A1B600674DFC /* Views */,
				81A79F96297D4A5000AC14F9 /* ViewModels */,
				81A79F95297D4A4300AC14F9 /* Models */,
				81A79F94297D498400AC14F9 /* Resources */,
			);
			path = DaysTo;
			sourceTree = "<group>";
		};
		81A79F87297D450700AC14F9 /* Preview Content */ = {
			isa = PBXGroup;
			children = (
				81A79F88297D450700AC14F9 /* Preview Assets.xcassets */,
			);
			path = "Preview Content";
			sourceTree = "<group>";
		};
		81A79F94297D498400AC14F9 /* Resources */ = {
			isa = PBXGroup;
			children = (
				81FD9C2B29998DA900128B8C /* GoogleService-Info.plist */,
				81A79F85297D450700AC14F9 /* Assets.xcassets */,
				8162A12429967EEA008A3FBE /* Color.xcassets */,
				81A79F87297D450700AC14F9 /* Preview Content */,
			);
			path = Resources;
			sourceTree = "<group>";
		};
		81A79F95297D4A4300AC14F9 /* Models */ = {
			isa = PBXGroup;
			children = (
				8147328B299B81BE008B2FBC /* UserModel.swift */,
				8188A9D8299A7E92009685AD /* EventModel.swift */,
				8162A122299670AC008A3FBE /* CustomizationModel.swift */,
				816FA3DC2986AC3900674DFC /* DateCalculationsModel.swift */,
			);
			path = Models;
			sourceTree = "<group>";
		};
		81A79F96297D4A5000AC14F9 /* ViewModels */ = {
			isa = PBXGroup;
			children = (
				81097445298C09CE00EBA65F /* DaysToViewModel.swift */,
				818D0B192998471B00176B5D /* NotificationCenter.swift */,
				81BDF8C7298F15D100B73386 /* PreferenceKeys.swift */,
			);
			path = ViewModels;
			sourceTree = "<group>";
		};
		81BABF0C29AB4CDF00D388BA /* Extensions */ = {
			isa = PBXGroup;
			children = (
				81BABF0D29AB4D1300D388BA /* StringExtensions.swift */,
				810E54FC29AE4AB800C5E37A /* DateExtensions.swift */,
			);
			path = Extensions;
			sourceTree = "<group>";
		};
		81BABF1629AB9FA800D388BA /* Account */ = {
			isa = PBXGroup;
			children = (
				81BABF1429AB9CA000D388BA /* AccountView.swift */,
				81BABF1729AB9FCD00D388BA /* PasswordChangeView.swift */,
			);
			path = Account;
			sourceTree = "<group>";
		};
		81C244C429929405003155DF /* PlatesView */ = {
			isa = PBXGroup;
			children = (
				8147329B299BE081008B2FBC /* PlatesView.swift */,
				8162A10C2993D65E008A3FBE /* StartPlateView.swift */,
				8162A1112993DA1A008A3FBE /* SearchPlateView.swift */,
				8162A12829968CA0008A3FBE /* FavoritePlateView.swift */,
				8162A1082993A7A0008A3FBE /* ProgressionPlateView.swift */,
			);
			path = PlatesView;
			sourceTree = "<group>";
		};
/* End PBXGroup section */

/* Begin PBXNativeTarget section */
		8181549929AD5249008A0BB5 /* DaysToWidgetExtension */ = {
			isa = PBXNativeTarget;
			buildConfigurationList = 818154AE29AD524B008A0BB5 /* Build configuration list for PBXNativeTarget "DaysToWidgetExtension" */;
			buildPhases = (
				8181549629AD5249008A0BB5 /* Sources */,
				8181549729AD5249008A0BB5 /* Frameworks */,
				8181549829AD5249008A0BB5 /* Resources */,
			);
			buildRules = (
			);
			dependencies = (
			);
			name = DaysToWidgetExtension;
			packageProductDependencies = (
				818154B029AD52DC008A0BB5 /* FirebaseAuth */,
				818154B229AD52E2008A0BB5 /* FirebaseFirestore */,
				818154B429AD52E8008A0BB5 /* FirebaseFirestoreSwift */,
				819E625029B2380B006C20A9 /* FirebaseAnalytics */,
				819E625229B23814006C20A9 /* FirebaseAnalyticsSwift */,
			);
			productName = DaysToWidgetExtension;
			productReference = 8181549A29AD5249008A0BB5 /* DaysToWidgetExtension.appex */;
			productType = "com.apple.product-type.app-extension";
		};
		81A79F7D297D450600AC14F9 /* DaysTo */ = {
			isa = PBXNativeTarget;
			buildConfigurationList = 81A79F91297D450700AC14F9 /* Build configuration list for PBXNativeTarget "DaysTo" */;
			buildPhases = (
				81A79F7A297D450600AC14F9 /* Sources */,
				81A79F7B297D450600AC14F9 /* Frameworks */,
				81A79F7C297D450600AC14F9 /* Resources */,
				818154AB29AD524B008A0BB5 /* Embed Foundation Extensions */,
			);
			buildRules = (
			);
			dependencies = (
				818154A929AD524B008A0BB5 /* PBXTargetDependency */,
			);
			name = DaysTo;
			packageProductDependencies = (
				81FD9C2E29998E4A00128B8C /* FirebaseAnalytics */,
				81FD9C3029998E4A00128B8C /* FirebaseAnalyticsSwift */,
				81FD9C3229998E4A00128B8C /* FirebaseAuth */,
				81FD9C3429998E4A00128B8C /* FirebaseFirestore */,
				81FD9C3629998E4A00128B8C /* FirebaseFirestoreSwift */,
			);
			productName = DaysTo;
			productReference = 81A79F7E297D450600AC14F9 /* DaysTo.app */;
			productType = "com.apple.product-type.application";
		};
/* End PBXNativeTarget section */

/* Begin PBXProject section */
		81A79F76297D450600AC14F9 /* Project object */ = {
			isa = PBXProject;
			attributes = {
				BuildIndependentTargetsInParallel = 1;
				LastSwiftUpdateCheck = 1420;
				LastUpgradeCheck = 1420;
				TargetAttributes = {
					8181549929AD5249008A0BB5 = {
						CreatedOnToolsVersion = 14.2;
					};
					81A79F7D297D450600AC14F9 = {
						CreatedOnToolsVersion = 14.2;
					};
				};
			};
			buildConfigurationList = 81A79F79297D450600AC14F9 /* Build configuration list for PBXProject "DaysTo" */;
			compatibilityVersion = "Xcode 14.0";
			developmentRegion = en;
			hasScannedForEncodings = 0;
			knownRegions = (
				en,
				Base,
				uk,
			);
			mainGroup = 81A79F75297D450600AC14F9;
			packageReferences = (
				81FD9C2D29998E4A00128B8C /* XCRemoteSwiftPackageReference "firebase-ios-sdk" */,
			);
			productRefGroup = 81A79F7F297D450600AC14F9 /* Products */;
			projectDirPath = "";
			projectRoot = "";
			targets = (
				81A79F7D297D450600AC14F9 /* DaysTo */,
				8181549929AD5249008A0BB5 /* DaysToWidgetExtension */,
			);
		};
/* End PBXProject section */

/* Begin PBXResourcesBuildPhase section */
		8181549829AD5249008A0BB5 /* Resources */ = {
			isa = PBXResourcesBuildPhase;
			buildActionMask = 2147483647;
			files = (
				818154A629AD524B008A0BB5 /* Assets.xcassets in Resources */,
				81318B1429B359F000768BF3 /* InfoPlist.strings in Resources */,
				81BF50C029B354A300ADF7D8 /* Localizable.strings in Resources */,
				818154B629AD5307008A0BB5 /* GoogleService-Info.plist in Resources */,
			);
			runOnlyForDeploymentPostprocessing = 0;
		};
		81A79F7C297D450600AC14F9 /* Resources */ = {
			isa = PBXResourcesBuildPhase;
			buildActionMask = 2147483647;
			files = (
				81BF50BD29B354A300ADF7D8 /* Localizable.strings in Resources */,
				81318B1129B359F000768BF3 /* InfoPlist.strings in Resources */,
				81A79F89297D450700AC14F9 /* Preview Assets.xcassets in Resources */,
				81FD9C2C29998DA900128B8C /* GoogleService-Info.plist in Resources */,
				81A79F86297D450700AC14F9 /* Assets.xcassets in Resources */,
				8162A12529967EEA008A3FBE /* Color.xcassets in Resources */,
			);
			runOnlyForDeploymentPostprocessing = 0;
		};
/* End PBXResourcesBuildPhase section */

/* Begin PBXSourcesBuildPhase section */
		8181549629AD5249008A0BB5 /* Sources */ = {
			isa = PBXSourcesBuildPhase;
			buildActionMask = 2147483647;
			files = (
				818154A229AD5249008A0BB5 /* DaysToWidgetBundle.swift in Sources */,
				810E54FF29AE515900C5E37A /* GlassyFont.swift in Sources */,
				810E54FE29AE4CA500C5E37A /* DateExtensions.swift in Sources */,
				818154B729AD530E008A0BB5 /* EventModel.swift in Sources */,
				81F9427F29AF868F00D22147 /* EventShortView.swift in Sources */,
				818154A429AD5249008A0BB5 /* DaysToWidget.swift in Sources */,
				810E550629AE5C6B00C5E37A /* DateCalculationsModel.swift in Sources */,
				810E550129AE59E700C5E37A /* ProgressRingView.swift in Sources */,
			);
			runOnlyForDeploymentPostprocessing = 0;
		};
		81A79F7A297D450600AC14F9 /* Sources */ = {
			isa = PBXSourcesBuildPhase;
			buildActionMask = 2147483647;
			files = (
				81BDF8C8298F15D100B73386 /* PreferenceKeys.swift in Sources */,
				8162A1092993A7A0008A3FBE /* ProgressionPlateView.swift in Sources */,
				81473294299B9DB9008B2FBC /* RegistrationView.swift in Sources */,
				81B81FFF29AAAD71003A1723 /* ResetPasswordView.swift in Sources */,
				8162A12929968CA0008A3FBE /* FavoritePlateView.swift in Sources */,
				8147329E299BE0F4008B2FBC /* EventRowView.swift in Sources */,
				81097446298C09CE00EBA65F /* DaysToViewModel.swift in Sources */,
				81BABF1829AB9FCD00D388BA /* PasswordChangeView.swift in Sources */,
				8147329C299BE081008B2FBC /* PlatesView.swift in Sources */,
				81A79F82297D450600AC14F9 /* DaysToApp.swift in Sources */,
				81BDF8CA298F160D00B73386 /* NavBarView.swift in Sources */,
				81B81FFB29AA74F9003A1723 /* AuthentificationView.swift in Sources */,
				8188A9D9299A7E92009685AD /* EventModel.swift in Sources */,
				8121F0182997F7BC00E705E5 /* AnimatableFont.swift in Sources */,
				8162A10B2993BE65008A3FBE /* ProgressRingView.swift in Sources */,
				81BABF0E29AB4D1300D388BA /* StringExtensions.swift in Sources */,
				8162A10D2993D65E008A3FBE /* StartPlateView.swift in Sources */,
				816BD1C4298D0F6700E91D18 /* AddEventView.swift in Sources */,
				81283F89299047B30092E7AE /* SettingsView.swift in Sources */,
				814DA52929ACFCBC002A8B30 /* InstrucrtionsView.swift in Sources */,
				818D0B1A2998471B00176B5D /* NotificationCenter.swift in Sources */,
				810E54FD29AE4AB800C5E37A /* DateExtensions.swift in Sources */,
				819E625729B28D3C006C20A9 /* LinearBackgroundColor.swift in Sources */,
				81283F7E298FBD2C0092E7AE /* Animations.swift in Sources */,
				816FA3DD2986AC3900674DFC /* DateCalculationsModel.swift in Sources */,
				8162A123299670AC008A3FBE /* CustomizationModel.swift in Sources */,
				8162A1122993DA1A008A3FBE /* SearchPlateView.swift in Sources */,
				81BABF1029AB52D200D388BA /* SelectedTextField.swift in Sources */,
				814732A0299BE159008B2FBC /* EditEventView.swift in Sources */,
				8147328C299B81BE008B2FBC /* UserModel.swift in Sources */,
				814DA52C29AD2389002A8B30 /* CreditsView.swift in Sources */,
				816FA3DB2986A31400674DFC /* HomeView.swift in Sources */,
				81F9427E29AF861200D22147 /* EventShortView.swift in Sources */,
				81473290299B9D98008B2FBC /* LoginView.swift in Sources */,
				81BABF1529AB9CA000D388BA /* AccountView.swift in Sources */,
				81B81FFD29AAA948003A1723 /* GlassyFont.swift in Sources */,
			);
			runOnlyForDeploymentPostprocessing = 0;
		};
/* End PBXSourcesBuildPhase section */

/* Begin PBXTargetDependency section */
		818154A929AD524B008A0BB5 /* PBXTargetDependency */ = {
			isa = PBXTargetDependency;
			target = 8181549929AD5249008A0BB5 /* DaysToWidgetExtension */;
			targetProxy = 818154A829AD524B008A0BB5 /* PBXContainerItemProxy */;
		};
/* End PBXTargetDependency section */

/* Begin PBXVariantGroup section */
		81318B0F29B359F000768BF3 /* InfoPlist.strings */ = {
			isa = PBXVariantGroup;
			children = (
				81318B1029B359F000768BF3 /* uk */,
			);
			name = InfoPlist.strings;
			sourceTree = "<group>";
		};
		81318B1229B359F000768BF3 /* InfoPlist.strings */ = {
			isa = PBXVariantGroup;
			children = (
				81318B1329B359F000768BF3 /* uk */,
			);
			name = InfoPlist.strings;
			sourceTree = "<group>";
		};
		81BF50BB29B354A300ADF7D8 /* Localizable.strings */ = {
			isa = PBXVariantGroup;
			children = (
				81BF50BC29B354A300ADF7D8 /* uk */,
			);
			name = Localizable.strings;
			sourceTree = "<group>";
		};
		81BF50BE29B354A300ADF7D8 /* Localizable.strings */ = {
			isa = PBXVariantGroup;
			children = (
				81BF50BF29B354A300ADF7D8 /* uk */,
			);
			name = Localizable.strings;
			sourceTree = "<group>";
		};
/* End PBXVariantGroup section */

/* Begin XCBuildConfiguration section */
		818154AC29AD524B008A0BB5 /* Debug */ = {
			isa = XCBuildConfiguration;
			buildSettings = {
				ASSETCATALOG_COMPILER_GLOBAL_ACCENT_COLOR_NAME = AccentColor;
				ASSETCATALOG_COMPILER_WIDGET_BACKGROUND_COLOR_NAME = WidgetBackground;
				CODE_SIGN_ENTITLEMENTS = DaysToWidgetExtension.entitlements;
				CODE_SIGN_STYLE = Automatic;
				CURRENT_PROJECT_VERSION = 1;
				DEVELOPMENT_TEAM = MWQ8P93RWJ;
				GENERATE_INFOPLIST_FILE = YES;
				INFOPLIST_FILE = DaysToWidget/Info.plist;
				INFOPLIST_KEY_CFBundleDisplayName = DaysToWidget;
				INFOPLIST_KEY_NSHumanReadableCopyright = "";
				IPHONEOS_DEPLOYMENT_TARGET = 15.0;
				LD_RUNPATH_SEARCH_PATHS = (
					"$(inherited)",
					"@executable_path/Frameworks",
					"@executable_path/../../Frameworks",
				);
				MARKETING_VERSION = 0.1.0;
				PRODUCT_BUNDLE_IDENTIFIER = com.danyloternovoi.DaysTo.DaysToWidget;
				PRODUCT_NAME = "$(TARGET_NAME)";
				SKIP_INSTALL = YES;
				SWIFT_EMIT_LOC_STRINGS = YES;
				SWIFT_VERSION = 5.0;
				TARGETED_DEVICE_FAMILY = 1;
			};
			name = Debug;
		};
		818154AD29AD524B008A0BB5 /* Release */ = {
			isa = XCBuildConfiguration;
			buildSettings = {
				ASSETCATALOG_COMPILER_GLOBAL_ACCENT_COLOR_NAME = AccentColor;
				ASSETCATALOG_COMPILER_WIDGET_BACKGROUND_COLOR_NAME = WidgetBackground;
				CODE_SIGN_ENTITLEMENTS = DaysToWidgetExtension.entitlements;
				CODE_SIGN_STYLE = Automatic;
				CURRENT_PROJECT_VERSION = 1;
				DEVELOPMENT_TEAM = MWQ8P93RWJ;
				GENERATE_INFOPLIST_FILE = YES;
				INFOPLIST_FILE = DaysToWidget/Info.plist;
				INFOPLIST_KEY_CFBundleDisplayName = DaysToWidget;
				INFOPLIST_KEY_NSHumanReadableCopyright = "";
				IPHONEOS_DEPLOYMENT_TARGET = 15.0;
				LD_RUNPATH_SEARCH_PATHS = (
					"$(inherited)",
					"@executable_path/Frameworks",
					"@executable_path/../../Frameworks",
				);
				MARKETING_VERSION = 0.1.0;
				PRODUCT_BUNDLE_IDENTIFIER = com.danyloternovoi.DaysTo.DaysToWidget;
				PRODUCT_NAME = "$(TARGET_NAME)";
				SKIP_INSTALL = YES;
				SWIFT_EMIT_LOC_STRINGS = YES;
				SWIFT_VERSION = 5.0;
				TARGETED_DEVICE_FAMILY = 1;
			};
			name = Release;
		};
		81A79F8F297D450700AC14F9 /* Debug */ = {
			isa = XCBuildConfiguration;
			buildSettings = {
				ALWAYS_SEARCH_USER_PATHS = NO;
				CLANG_ANALYZER_NONNULL = YES;
				CLANG_ANALYZER_NUMBER_OBJECT_CONVERSION = YES_AGGRESSIVE;
				CLANG_CXX_LANGUAGE_STANDARD = "gnu++20";
				CLANG_ENABLE_MODULES = YES;
				CLANG_ENABLE_OBJC_ARC = YES;
				CLANG_ENABLE_OBJC_WEAK = YES;
				CLANG_WARN_BLOCK_CAPTURE_AUTORELEASING = YES;
				CLANG_WARN_BOOL_CONVERSION = YES;
				CLANG_WARN_COMMA = YES;
				CLANG_WARN_CONSTANT_CONVERSION = YES;
				CLANG_WARN_DEPRECATED_OBJC_IMPLEMENTATIONS = YES;
				CLANG_WARN_DIRECT_OBJC_ISA_USAGE = YES_ERROR;
				CLANG_WARN_DOCUMENTATION_COMMENTS = YES;
				CLANG_WARN_EMPTY_BODY = YES;
				CLANG_WARN_ENUM_CONVERSION = YES;
				CLANG_WARN_INFINITE_RECURSION = YES;
				CLANG_WARN_INT_CONVERSION = YES;
				CLANG_WARN_NON_LITERAL_NULL_CONVERSION = YES;
				CLANG_WARN_OBJC_IMPLICIT_RETAIN_SELF = YES;
				CLANG_WARN_OBJC_LITERAL_CONVERSION = YES;
				CLANG_WARN_OBJC_ROOT_CLASS = YES_ERROR;
				CLANG_WARN_QUOTED_INCLUDE_IN_FRAMEWORK_HEADER = YES;
				CLANG_WARN_RANGE_LOOP_ANALYSIS = YES;
				CLANG_WARN_STRICT_PROTOTYPES = YES;
				CLANG_WARN_SUSPICIOUS_MOVE = YES;
				CLANG_WARN_UNGUARDED_AVAILABILITY = YES_AGGRESSIVE;
				CLANG_WARN_UNREACHABLE_CODE = YES;
				CLANG_WARN__DUPLICATE_METHOD_MATCH = YES;
				COPY_PHASE_STRIP = NO;
				DEBUG_INFORMATION_FORMAT = dwarf;
				ENABLE_STRICT_OBJC_MSGSEND = YES;
				ENABLE_TESTABILITY = YES;
				GCC_C_LANGUAGE_STANDARD = gnu11;
				GCC_DYNAMIC_NO_PIC = NO;
				GCC_NO_COMMON_BLOCKS = YES;
				GCC_OPTIMIZATION_LEVEL = 0;
				GCC_PREPROCESSOR_DEFINITIONS = (
					"DEBUG=1",
					"$(inherited)",
				);
				GCC_WARN_64_TO_32_BIT_CONVERSION = YES;
				GCC_WARN_ABOUT_RETURN_TYPE = YES_ERROR;
				GCC_WARN_UNDECLARED_SELECTOR = YES;
				GCC_WARN_UNINITIALIZED_AUTOS = YES_AGGRESSIVE;
				GCC_WARN_UNUSED_FUNCTION = YES;
				GCC_WARN_UNUSED_VARIABLE = YES;
				IPHONEOS_DEPLOYMENT_TARGET = 15.0;
				MTL_ENABLE_DEBUG_INFO = INCLUDE_SOURCE;
				MTL_FAST_MATH = YES;
				ONLY_ACTIVE_ARCH = YES;
				SDKROOT = iphoneos;
				SWIFT_ACTIVE_COMPILATION_CONDITIONS = DEBUG;
				SWIFT_OPTIMIZATION_LEVEL = "-Onone";
			};
			name = Debug;
		};
		81A79F90297D450700AC14F9 /* Release */ = {
			isa = XCBuildConfiguration;
			buildSettings = {
				ALWAYS_SEARCH_USER_PATHS = NO;
				CLANG_ANALYZER_NONNULL = YES;
				CLANG_ANALYZER_NUMBER_OBJECT_CONVERSION = YES_AGGRESSIVE;
				CLANG_CXX_LANGUAGE_STANDARD = "gnu++20";
				CLANG_ENABLE_MODULES = YES;
				CLANG_ENABLE_OBJC_ARC = YES;
				CLANG_ENABLE_OBJC_WEAK = YES;
				CLANG_WARN_BLOCK_CAPTURE_AUTORELEASING = YES;
				CLANG_WARN_BOOL_CONVERSION = YES;
				CLANG_WARN_COMMA = YES;
				CLANG_WARN_CONSTANT_CONVERSION = YES;
				CLANG_WARN_DEPRECATED_OBJC_IMPLEMENTATIONS = YES;
				CLANG_WARN_DIRECT_OBJC_ISA_USAGE = YES_ERROR;
				CLANG_WARN_DOCUMENTATION_COMMENTS = YES;
				CLANG_WARN_EMPTY_BODY = YES;
				CLANG_WARN_ENUM_CONVERSION = YES;
				CLANG_WARN_INFINITE_RECURSION = YES;
				CLANG_WARN_INT_CONVERSION = YES;
				CLANG_WARN_NON_LITERAL_NULL_CONVERSION = YES;
				CLANG_WARN_OBJC_IMPLICIT_RETAIN_SELF = YES;
				CLANG_WARN_OBJC_LITERAL_CONVERSION = YES;
				CLANG_WARN_OBJC_ROOT_CLASS = YES_ERROR;
				CLANG_WARN_QUOTED_INCLUDE_IN_FRAMEWORK_HEADER = YES;
				CLANG_WARN_RANGE_LOOP_ANALYSIS = YES;
				CLANG_WARN_STRICT_PROTOTYPES = YES;
				CLANG_WARN_SUSPICIOUS_MOVE = YES;
				CLANG_WARN_UNGUARDED_AVAILABILITY = YES_AGGRESSIVE;
				CLANG_WARN_UNREACHABLE_CODE = YES;
				CLANG_WARN__DUPLICATE_METHOD_MATCH = YES;
				COPY_PHASE_STRIP = NO;
				DEBUG_INFORMATION_FORMAT = "dwarf-with-dsym";
				ENABLE_NS_ASSERTIONS = NO;
				ENABLE_STRICT_OBJC_MSGSEND = YES;
				GCC_C_LANGUAGE_STANDARD = gnu11;
				GCC_NO_COMMON_BLOCKS = YES;
				GCC_WARN_64_TO_32_BIT_CONVERSION = YES;
				GCC_WARN_ABOUT_RETURN_TYPE = YES_ERROR;
				GCC_WARN_UNDECLARED_SELECTOR = YES;
				GCC_WARN_UNINITIALIZED_AUTOS = YES_AGGRESSIVE;
				GCC_WARN_UNUSED_FUNCTION = YES;
				GCC_WARN_UNUSED_VARIABLE = YES;
				IPHONEOS_DEPLOYMENT_TARGET = 15.0;
				MTL_ENABLE_DEBUG_INFO = NO;
				MTL_FAST_MATH = YES;
				SDKROOT = iphoneos;
				SWIFT_COMPILATION_MODE = wholemodule;
				SWIFT_OPTIMIZATION_LEVEL = "-O";
				VALIDATE_PRODUCT = YES;
			};
			name = Release;
		};
		81A79F92297D450700AC14F9 /* Debug */ = {
			isa = XCBuildConfiguration;
			buildSettings = {
				ALWAYS_EMBED_SWIFT_STANDARD_LIBRARIES = YES;
				ASSETCATALOG_COMPILER_APPICON_NAME = AppIcon;
				ASSETCATALOG_COMPILER_GLOBAL_ACCENT_COLOR_NAME = AccentColor;
				CODE_SIGN_ENTITLEMENTS = DaysTo/DaysTo.entitlements;
				CODE_SIGN_STYLE = Automatic;
				CURRENT_PROJECT_VERSION = 1;
				DEVELOPMENT_ASSET_PATHS = "DaysTo/Resources/Preview\\ Content";
				DEVELOPMENT_TEAM = MWQ8P93RWJ;
				ENABLE_PREVIEWS = YES;
				GENERATE_INFOPLIST_FILE = YES;
				INFOPLIST_FILE = DaysTo/Info.plist;
				INFOPLIST_KEY_LSApplicationCategoryType = "public.app-category.lifestyle";
				INFOPLIST_KEY_UIApplicationSupportsIndirectInputEvents = YES;
				INFOPLIST_KEY_UILaunchScreen_Generation = YES;
				INFOPLIST_KEY_UISupportedInterfaceOrientations = UIInterfaceOrientationPortrait;
				INFOPLIST_KEY_UISupportedInterfaceOrientations_iPad = "UIInterfaceOrientationLandscapeLeft UIInterfaceOrientationLandscapeRight UIInterfaceOrientationPortrait UIInterfaceOrientationPortraitUpsideDown";
				IPHONEOS_DEPLOYMENT_TARGET = 15.0;
				LD_RUNPATH_SEARCH_PATHS = (
					"$(inherited)",
					"@executable_path/Frameworks",
				);
				MARKETING_VERSION = 0.1.0;
				PRODUCT_BUNDLE_IDENTIFIER = com.danyloternovoi.DaysTo;
				PRODUCT_NAME = "$(TARGET_NAME)";
				SUPPORTED_PLATFORMS = "iphoneos iphonesimulator";
				SUPPORTS_MACCATALYST = NO;
				SUPPORTS_MAC_DESIGNED_FOR_IPHONE_IPAD = NO;
				SWIFT_EMIT_LOC_STRINGS = YES;
				SWIFT_VERSION = 5.0;
				TARGETED_DEVICE_FAMILY = 1;
			};
			name = Debug;
		};
		81A79F93297D450700AC14F9 /* Release */ = {
			isa = XCBuildConfiguration;
			buildSettings = {
				ALWAYS_EMBED_SWIFT_STANDARD_LIBRARIES = YES;
				ASSETCATALOG_COMPILER_APPICON_NAME = AppIcon;
				ASSETCATALOG_COMPILER_GLOBAL_ACCENT_COLOR_NAME = AccentColor;
				CODE_SIGN_ENTITLEMENTS = DaysTo/DaysTo.entitlements;
				CODE_SIGN_STYLE = Automatic;
				CURRENT_PROJECT_VERSION = 1;
				DEVELOPMENT_ASSET_PATHS = "DaysTo/Resources/Preview\\ Content";
				DEVELOPMENT_TEAM = MWQ8P93RWJ;
				ENABLE_PREVIEWS = YES;
				GENERATE_INFOPLIST_FILE = YES;
				INFOPLIST_FILE = DaysTo/Info.plist;
				INFOPLIST_KEY_LSApplicationCategoryType = "public.app-category.lifestyle";
				INFOPLIST_KEY_UIApplicationSupportsIndirectInputEvents = YES;
				INFOPLIST_KEY_UILaunchScreen_Generation = YES;
				INFOPLIST_KEY_UISupportedInterfaceOrientations = UIInterfaceOrientationPortrait;
				INFOPLIST_KEY_UISupportedInterfaceOrientations_iPad = "UIInterfaceOrientationLandscapeLeft UIInterfaceOrientationLandscapeRight UIInterfaceOrientationPortrait UIInterfaceOrientationPortraitUpsideDown";
				IPHONEOS_DEPLOYMENT_TARGET = 15.0;
				LD_RUNPATH_SEARCH_PATHS = (
					"$(inherited)",
					"@executable_path/Frameworks",
				);
				MARKETING_VERSION = 0.1.0;
				PRODUCT_BUNDLE_IDENTIFIER = com.danyloternovoi.DaysTo;
				PRODUCT_NAME = "$(TARGET_NAME)";
				SUPPORTED_PLATFORMS = "iphoneos iphonesimulator";
				SUPPORTS_MACCATALYST = NO;
				SUPPORTS_MAC_DESIGNED_FOR_IPHONE_IPAD = NO;
				SWIFT_EMIT_LOC_STRINGS = YES;
				SWIFT_VERSION = 5.0;
				TARGETED_DEVICE_FAMILY = 1;
			};
			name = Release;
		};
/* End XCBuildConfiguration section */

/* Begin XCConfigurationList section */
		818154AE29AD524B008A0BB5 /* Build configuration list for PBXNativeTarget "DaysToWidgetExtension" */ = {
			isa = XCConfigurationList;
			buildConfigurations = (
				818154AC29AD524B008A0BB5 /* Debug */,
				818154AD29AD524B008A0BB5 /* Release */,
			);
			defaultConfigurationIsVisible = 0;
			defaultConfigurationName = Release;
		};
		81A79F79297D450600AC14F9 /* Build configuration list for PBXProject "DaysTo" */ = {
			isa = XCConfigurationList;
			buildConfigurations = (
				81A79F8F297D450700AC14F9 /* Debug */,
				81A79F90297D450700AC14F9 /* Release */,
			);
			defaultConfigurationIsVisible = 0;
			defaultConfigurationName = Release;
		};
		81A79F91297D450700AC14F9 /* Build configuration list for PBXNativeTarget "DaysTo" */ = {
			isa = XCConfigurationList;
			buildConfigurations = (
				81A79F92297D450700AC14F9 /* Debug */,
				81A79F93297D450700AC14F9 /* Release */,
			);
			defaultConfigurationIsVisible = 0;
			defaultConfigurationName = Release;
		};
/* End XCConfigurationList section */

/* Begin XCRemoteSwiftPackageReference section */
		81FD9C2D29998E4A00128B8C /* XCRemoteSwiftPackageReference "firebase-ios-sdk" */ = {
			isa = XCRemoteSwiftPackageReference;
			repositoryURL = "https://github.com/firebase/firebase-ios-sdk.git";
			requirement = {
				branch = master;
				kind = branch;
			};
		};
/* End XCRemoteSwiftPackageReference section */

/* Begin XCSwiftPackageProductDependency section */
		818154B029AD52DC008A0BB5 /* FirebaseAuth */ = {
			isa = XCSwiftPackageProductDependency;
			package = 81FD9C2D29998E4A00128B8C /* XCRemoteSwiftPackageReference "firebase-ios-sdk" */;
			productName = FirebaseAuth;
		};
		818154B229AD52E2008A0BB5 /* FirebaseFirestore */ = {
			isa = XCSwiftPackageProductDependency;
			package = 81FD9C2D29998E4A00128B8C /* XCRemoteSwiftPackageReference "firebase-ios-sdk" */;
			productName = FirebaseFirestore;
		};
		818154B429AD52E8008A0BB5 /* FirebaseFirestoreSwift */ = {
			isa = XCSwiftPackageProductDependency;
			package = 81FD9C2D29998E4A00128B8C /* XCRemoteSwiftPackageReference "firebase-ios-sdk" */;
			productName = FirebaseFirestoreSwift;
		};
		819E625029B2380B006C20A9 /* FirebaseAnalytics */ = {
			isa = XCSwiftPackageProductDependency;
			package = 81FD9C2D29998E4A00128B8C /* XCRemoteSwiftPackageReference "firebase-ios-sdk" */;
			productName = FirebaseAnalytics;
		};
		819E625229B23814006C20A9 /* FirebaseAnalyticsSwift */ = {
			isa = XCSwiftPackageProductDependency;
			package = 81FD9C2D29998E4A00128B8C /* XCRemoteSwiftPackageReference "firebase-ios-sdk" */;
			productName = FirebaseAnalyticsSwift;
		};
		81FD9C2E29998E4A00128B8C /* FirebaseAnalytics */ = {
			isa = XCSwiftPackageProductDependency;
			package = 81FD9C2D29998E4A00128B8C /* XCRemoteSwiftPackageReference "firebase-ios-sdk" */;
			productName = FirebaseAnalytics;
		};
		81FD9C3029998E4A00128B8C /* FirebaseAnalyticsSwift */ = {
			isa = XCSwiftPackageProductDependency;
			package = 81FD9C2D29998E4A00128B8C /* XCRemoteSwiftPackageReference "firebase-ios-sdk" */;
			productName = FirebaseAnalyticsSwift;
		};
		81FD9C3229998E4A00128B8C /* FirebaseAuth */ = {
			isa = XCSwiftPackageProductDependency;
			package = 81FD9C2D29998E4A00128B8C /* XCRemoteSwiftPackageReference "firebase-ios-sdk" */;
			productName = FirebaseAuth;
		};
		81FD9C3429998E4A00128B8C /* FirebaseFirestore */ = {
			isa = XCSwiftPackageProductDependency;
			package = 81FD9C2D29998E4A00128B8C /* XCRemoteSwiftPackageReference "firebase-ios-sdk" */;
			productName = FirebaseFirestore;
		};
		81FD9C3629998E4A00128B8C /* FirebaseFirestoreSwift */ = {
			isa = XCSwiftPackageProductDependency;
			package = 81FD9C2D29998E4A00128B8C /* XCRemoteSwiftPackageReference "firebase-ios-sdk" */;
			productName = FirebaseFirestoreSwift;
		};
/* End XCSwiftPackageProductDependency section */
	};
	rootObject = 81A79F76297D450600AC14F9 /* Project object */;
}
